
Microsoft Visual Studio Solution File, Format Version 12.00
# Visual Studio 15
VisualStudioVersion = 15.0.26124.0
MinimumVisualStudioVersion = 15.0.26124.0
Project("{2150E333-8FDC-42A3-9474-1A3956D46DE8}") = "src", "src", "{979A1ED2-A0A8-4D0C-8963-682A405D23D5}"
EndProject
Project("{FAE04EC0-301F-11D3-BF4B-00C04F79EFBC}") = "GradeBook", "src\GradeBook\GradeBook.csproj", "{4F93ABEF-EB48-4AB3-9AF7-F06A0B8129DD}"
EndProject
Project("{2150E333-8FDC-42A3-9474-1A3956D46DE8}") = "test", "test", "{CB5A6DF1-0B2B-41E3-81B2-1EF789B0884A}"
EndProject
Project("{FAE04EC0-301F-11D3-BF4B-00C04F79EFBC}") = "GradeBook.Tests", "test\GradeBook.Tests\GradeBook.Tests.csproj", "{200E727E-2858-46D9-B17E-2E5292184232}"
EndProject
Global
	GlobalSection(SolutionConfigurationPlatforms) = preSolution
		Debug|Any CPU = Debug|Any CPU
		Debug|x64 = Debug|x64
		Debug|x86 = Debug|x86
		Release|Any CPU = Release|Any CPU
		Release|x64 = Release|x64
		Release|x86 = Release|x86
	EndGlobalSection
	GlobalSection(SolutionProperties) = preSolution
		HideSolutionNode = FALSE
	EndGlobalSection
	GlobalSection(ProjectConfigurationPlatforms) = postSolution
		{4F93ABEF-EB48-4AB3-9AF7-F06A0B8129DD}.Debug|Any CPU.ActiveCfg = Debug|Any CPU
		{4F93ABEF-EB48-4AB3-9AF7-F06A0B8129DD}.Debug|Any CPU.Build.0 = Debug|Any CPU
		{4F93ABEF-EB48-4AB3-9AF7-F06A0B8129DD}.Debug|x64.ActiveCfg = Debug|Any CPU
		{4F93ABEF-EB48-4AB3-9AF7-F06A0B8129DD}.Debug|x64.Build.0 = Debug|Any CPU
		{4F93ABEF-EB48-4AB3-9AF7-F06A0B8129DD}.Debug|x86.ActiveCfg = Debug|Any CPU
		{4F93ABEF-EB48-4AB3-9AF7-F06A0B8129DD}.Debug|x86.Build.0 = Debug|Any CPU
		{4F93ABEF-EB48-4AB3-9AF7-F06A0B8129DD}.Release|Any CPU.ActiveCfg = Release|Any CPU
		{4F93ABEF-EB48-4AB3-9AF7-F06A0B8129DD}.Release|Any CPU.Build.0 = Release|Any CPU
		{4F93ABEF-EB48-4AB3-9AF7-F06A0B8129DD}.Release|x64.ActiveCfg = Release|Any CPU
		{4F93ABEF-EB48-4AB3-9AF7-F06A0B8129DD}.Release|x64.Build.0 = Release|Any CPU
		{4F93ABEF-EB48-4AB3-9AF7-F06A0B8129DD}.Release|x86.ActiveCfg = Release|Any CPU
		{4F93ABEF-EB48-4AB3-9AF7-F06A0B8129DD}.Release|x86.Build.0 = Release|Any CPU
		{200E727E-2858-46D9-B17E-2E5292184232}.Debug|Any CPU.ActiveCfg = Debug|Any CPU
		{200E727E-2858-46D9-B17E-2E5292184232}.Debug|Any CPU.Build.0 = Debug|Any CPU
		{200E727E-2858-46D9-B17E-2E5292184232}.Debug|x64.ActiveCfg = Debug|Any CPU
		{200E727E-2858-46D9-B17E-2E5292184232}.Debug|x64.Build.0 = Debug|Any CPU
		{200E727E-2858-46D9-B17E-2E5292184232}.Debug|x86.ActiveCfg = Debug|Any CPU
		{200E727E-2858-46D9-B17E-2E5292184232}.Debug|x86.Build.0 = Debug|Any CPU
		{200E727E-2858-46D9-B17E-2E5292184232}.Release|Any CPU.ActiveCfg = Release|Any CPU
		{200E727E-2858-46D9-B17E-2E5292184232}.Release|Any CPU.Build.0 = Release|Any CPU
		{200E727E-2858-46D9-B17E-2E5292184232}.Release|x64.ActiveCfg = Release|Any CPU
		{200E727E-2858-46D9-B17E-2E5292184232}.Release|x64.Build.0 = Release|Any CPU
		{200E727E-2858-46D9-B17E-2E5292184232}.Release|x86.ActiveCfg = Release|Any CPU
		{200E727E-2858-46D9-B17E-2E5292184232}.Release|x86.Build.0 = Release|Any CPU
	EndGlobalSection
	GlobalSection(NestedProjects) = preSolution
		{4F93ABEF-EB48-4AB3-9AF7-F06A0B8129DD} = {979A1ED2-A0A8-4D0C-8963-682A405D23D5}
		{200E727E-2858-46D9-B17E-2E5292184232} = {CB5A6DF1-0B2B-41E3-81B2-1EF789B0884A}
	EndGlobalSection
EndGlobal
